
Microsoft Visual Studio Solution File, Format Version 12.00
# Visual Studio 15
VisualStudioVersion = 15.0.27428.1
MinimumVisualStudioVersion = 10.0.40219.1
Project("{FAE04EC0-301F-11D3-BF4B-00C04F79EFBC}") = "DungeonsAndCodeWizardsGame", "DungeonsAndCodeWizardsGame\DungeonsAndCodeWizardsGame.csproj", "{7164CF2A-6CDA-4A7F-B2FA-1F7A2AD361C9}"
EndProject
Global
	GlobalSection(SolutionConfigurationPlatforms) = preSolution
		Debug|Any CPU = Debug|Any CPU
		Release|Any CPU = Release|Any CPU
	EndGlobalSection
	GlobalSection(ProjectConfigurationPlatforms) = postSolution
		{7164CF2A-6CDA-4A7F-B2FA-1F7A2AD361C9}.Debug|Any CPU.ActiveCfg = Debug|Any CPU
		{7164CF2A-6CDA-4A7F-B2FA-1F7A2AD361C9}.Debug|Any CPU.Build.0 = Debug|Any CPU
		{7164CF2A-6CDA-4A7F-B2FA-1F7A2AD361C9}.Release|Any CPU.ActiveCfg = Release|Any CPU
		{7164CF2A-6CDA-4A7F-B2FA-1F7A2AD361C9}.Release|Any CPU.Build.0 = Release|Any CPU
	EndGlobalSection
	GlobalSection(SolutionProperties) = preSolution
		HideSolutionNode = FALSE
	EndGlobalSection
	GlobalSection(ExtensibilityGlobals) = postSolution
		SolutionGuid = {B27BBC0C-5E87-445C-AD71-35EFE7DFCA01}
	EndGlobalSection
EndGlobal
